
Microsoft Visual Studio Solution File, Format Version 12.00
# Visual Studio Version 17
VisualStudioVersion = 17.6.33829.357
MinimumVisualStudioVersion = 10.0.40219.1
Project("{FAE04EC0-301F-11D3-BF4B-00C04F79EFBC}") = "HolyJava", "HolyJava\HolyJava.csproj", "{CA2C669D-FCB5-4BE1-A5F5-E757D1D0FEBD}"
EndProject
Global
	GlobalSection(SolutionConfigurationPlatforms) = preSolution
		Debug|Any CPU = Debug|Any CPU
		Release|Any CPU = Release|Any CPU
	EndGlobalSection
	GlobalSection(ProjectConfigurationPlatforms) = postSolution
		{CA2C669D-FCB5-4BE1-A5F5-E757D1D0FEBD}.Debug|Any CPU.ActiveCfg = Debug|Any CPU
		{CA2C669D-FCB5-4BE1-A5F5-E757D1D0FEBD}.Debug|Any CPU.Build.0 = Debug|Any CPU
		{CA2C669D-FCB5-4BE1-A5F5-E757D1D0FEBD}.Release|Any CPU.ActiveCfg = Release|Any CPU
		{CA2C669D-FCB5-4BE1-A5F5-E757D1D0FEBD}.Release|Any CPU.Build.0 = Release|Any CPU
	EndGlobalSection
	GlobalSection(SolutionProperties) = preSolution
		HideSolutionNode = FALSE
	EndGlobalSection
	GlobalSection(ExtensibilityGlobals) = postSolution
		SolutionGuid = {03774F82-23B6-4149-A182-203E021A48D1}
	EndGlobalSection
EndGlobal
